
Microsoft Visual Studio Solution File, Format Version 12.00
# Visual Studio Version 17
VisualStudioVersion = 17.9.34728.123
MinimumVisualStudioVersion = 10.0.40219.1
Project("{FAE04EC0-301F-11D3-BF4B-00C04F79EFBC}") = "IdentityServer.UnitTests", "IdentityServer.UnitTests.csproj", "{4DB742DC-5207-44A5-A050-A027A89FE027}"
EndProject
Global
	GlobalSection(SolutionConfigurationPlatforms) = preSolution
		Debug|Any CPU = Debug|Any CPU
		Release|Any CPU = Release|Any CPU
	EndGlobalSection
	GlobalSection(ProjectConfigurationPlatforms) = postSolution
		{4DB742DC-5207-44A5-A050-A027A89FE027}.Debug|Any CPU.ActiveCfg = Debug|Any CPU
		{4DB742DC-5207-44A5-A050-A027A89FE027}.Debug|Any CPU.Build.0 = Debug|Any CPU
		{4DB742DC-5207-44A5-A050-A027A89FE027}.Release|Any CPU.ActiveCfg = Release|Any CPU
		{4DB742DC-5207-44A5-A050-A027A89FE027}.Release|Any CPU.Build.0 = Release|Any CPU
	EndGlobalSection
	GlobalSection(SolutionProperties) = preSolution
		HideSolutionNode = FALSE
	EndGlobalSection
	GlobalSection(ExtensibilityGlobals) = postSolution
		SolutionGuid = {8B08DAAF-68D5-4936-9DA0-90D38087A5FE}
	EndGlobalSection
EndGlobal
